
Microsoft Visual Studio Solution File, Format Version 12.00
# Visual Studio Version 17
VisualStudioVersion = 17.4.33403.182
MinimumVisualStudioVersion = 10.0.40219.1
Project("{9A19103F-16F7-4668-BE54-9A1E7A4F7556}") = "Week8-EpicGame", "Week8-EpicGame\Week8-EpicGame.csproj", "{97E04C5B-BA56-4B9A-99C5-2C56C122C862}"
EndProject
Project("{FAE04EC0-301F-11D3-BF4B-00C04F79EFBC}") = "test", "test\test.csproj", "{EB7D71A2-7CCC-4DAD-94EE-BF98BAF57A9A}"
EndProject
Global
	GlobalSection(SolutionConfigurationPlatforms) = preSolution
		Debug|Any CPU = Debug|Any CPU
		Release|Any CPU = Release|Any CPU
	EndGlobalSection
	GlobalSection(ProjectConfigurationPlatforms) = postSolution
		{97E04C5B-BA56-4B9A-99C5-2C56C122C862}.Debug|Any CPU.ActiveCfg = Debug|Any CPU
		{97E04C5B-BA56-4B9A-99C5-2C56C122C862}.Debug|Any CPU.Build.0 = Debug|Any CPU
		{97E04C5B-BA56-4B9A-99C5-2C56C122C862}.Release|Any CPU.ActiveCfg = Release|Any CPU
		{97E04C5B-BA56-4B9A-99C5-2C56C122C862}.Release|Any CPU.Build.0 = Release|Any CPU
		{EB7D71A2-7CCC-4DAD-94EE-BF98BAF57A9A}.Debug|Any CPU.ActiveCfg = Debug|Any CPU
		{EB7D71A2-7CCC-4DAD-94EE-BF98BAF57A9A}.Debug|Any CPU.Build.0 = Debug|Any CPU
		{EB7D71A2-7CCC-4DAD-94EE-BF98BAF57A9A}.Release|Any CPU.ActiveCfg = Release|Any CPU
		{EB7D71A2-7CCC-4DAD-94EE-BF98BAF57A9A}.Release|Any CPU.Build.0 = Release|Any CPU
	EndGlobalSection
	GlobalSection(SolutionProperties) = preSolution
		HideSolutionNode = FALSE
	EndGlobalSection
	GlobalSection(ExtensibilityGlobals) = postSolution
		SolutionGuid = {7B0BB57D-4AD0-417F-8C33-B2288EF2FC0B}
	EndGlobalSection
EndGlobal
